<?xml version="1.0" encoding="utf-8"?>
<Project ToolsVersion="4.0" xmlns="http://schemas.microsoft.com/developer/msbuild/2003">
  <ItemGroup>
    <Filter Include="Source Files">
      <UniqueIdentifier>{4FC737F1-C7A5-4376-A066-2A32D752A2FF}</UniqueIdentifier>
      <Extensions>cpp;c;cc;cxx;c++;cppm;ixx;def;odl;idl;hpj;bat;asm;asmx</Extensions>
    </Filter>
    <Filter Include="Header Files">
      <UniqueIdentifier>{93995380-89BD-4b04-88EB-625FBE52EBFB}</UniqueIdentifier>
      <Extensions>h;hh;hpp;hxx;h++;hm;inl;inc;ipp;xsd</Extensions>
    </Filter>
    <Filter Include="Resource Files">
      <UniqueIdentifier>{67DA6AB6-F800-4c08-8B7A-83BB121AAD01}</UniqueIdentifier>
      <Extensions>rc;ico;cur;bmp;dlg;rc2;rct;bin;rgs;gif;jpg;jpeg;jpe;resx;tiff;tif;png;wav;mfcribbon-ms</Extensions>
    </Filter>
    <Filter Include="Source Files\Managers">
      <UniqueIdentifier>{fc23a34c-b883-4960-a908-0c5f21c425db}</UniqueIdentifier>
    </Filter>
    <Filter Include="Source Files\UI">
      <UniqueIdentifier>{541af548-aaff-438f-8eee-af93feb6bafa}</UniqueIdentifier>
    </Filter>
    <Filter Include="Source Files\Player">
      <UniqueIdentifier>{8748f524-6840-42f9-addc-115f227481b4}</UniqueIdentifier>
    </Filter>
    <Filter Include="Source Files\Scenes">
      <UniqueIdentifier>{dd84ecc0-6c7e-4c3c-9def-917fcabd556f}</UniqueIdentifier>
    </Filter>
    <Filter Include="Source Files\Enemy">
      <UniqueIdentifier>{9c0c94fe-32c5-444e-a91f-8c7406574560}</UniqueIdentifier>
    </Filter>
    <Filter Include="Source Files\ObjectPool">
      <UniqueIdentifier>{d5b846ac-1853-462e-9f25-1d94485f1d80}</UniqueIdentifier>
    </Filter>
    <Filter Include="Source Files\BG">
      <UniqueIdentifier>{87074d1d-feaf-4fa7-816b-1afe6e871250}</UniqueIdentifier>
    </Filter>
    <Filter Include="Header Files\Managers">
      <UniqueIdentifier>{4182a818-e445-4e3c-80aa-c127ded7fc19}</UniqueIdentifier>
    </Filter>
    <Filter Include="Header Files\Enemy">
      <UniqueIdentifier>{bf64d1ef-a4d4-4054-801e-f85d56086029}</UniqueIdentifier>
    </Filter>
    <Filter Include="Header Files\ObjectPool">
      <UniqueIdentifier>{9836b457-9b9c-4425-9fc6-d8c52b3e76a1}</UniqueIdentifier>
    </Filter>
    <Filter Include="Header Files\BG">
      <UniqueIdentifier>{3c4a230d-8842-4af6-b5b9-b6af46f23103}</UniqueIdentifier>
    </Filter>
    <Filter Include="Header Files\Scenes">
      <UniqueIdentifier>{20741bb7-ce9a-4400-ac65-3688e4cc23af}</UniqueIdentifier>
    </Filter>
    <Filter Include="Header Files\UI">
      <UniqueIdentifier>{e8103c07-0879-4b7f-aa37-d5d4a0c7372d}</UniqueIdentifier>
    </Filter>
    <Filter Include="Source Files\Physics">
      <UniqueIdentifier>{1812da6b-f250-4cc6-802d-19848a808f80}</UniqueIdentifier>
    </Filter>
    <Filter Include="Header Files\Physics">
      <UniqueIdentifier>{fc94bc56-67e3-4fdf-917d-01cbad1764da}</UniqueIdentifier>
    </Filter>
    <Filter Include="Header Files\LevelUI">
      <UniqueIdentifier>{418cb934-1917-47a5-a330-3c398d917c1d}</UniqueIdentifier>
    </Filter>
    <Filter Include="Header Files\Player">
      <UniqueIdentifier>{af950168-a72e-4874-83fe-4ac7d05bb484}</UniqueIdentifier>
    </Filter>
    <Filter Include="Source Files\LevelUI">
      <UniqueIdentifier>{911c1a53-113d-4c55-b57f-e03d67ac534e}</UniqueIdentifier>
    </Filter>
  </ItemGroup>
  <ItemGroup>
    <ClCompile Include="Game.cpp">
      <Filter>Source Files</Filter>
    </ClCompile>
    <ClCompile Include="GameObject.cpp">
      <Filter>Source Files</Filter>
    </ClCompile>
    <ClCompile Include="InputController.cpp">
      <Filter>Source Files</Filter>
    </ClCompile>
    <ClCompile Include="main.cpp">
      <Filter>Source Files</Filter>
    </ClCompile>
    <ClCompile Include="ObjectComponent.cpp">
      <Filter>Source Files</Filter>
    </ClCompile>
    <ClCompile Include="Renderer.cpp">
      <Filter>Source Files</Filter>
    </ClCompile>
    <ClCompile Include="MainMenu.cpp">
      <Filter>Source Files</Filter>
    </ClCompile>
    <ClCompile Include="ButtonListener.cpp">
      <Filter>Source Files</Filter>
    </ClCompile>
    <ClCompile Include="Level.cpp">
      <Filter>Source Files</Filter>
    </ClCompile>
    <ClCompile Include="ApplicationManager.cpp">
      <Filter>Source Files\Managers</Filter>
    </ClCompile>
    <ClCompile Include="SceneManager.cpp">
      <Filter>Source Files\Managers</Filter>
    </ClCompile>
    <ClCompile Include="TextureManager.cpp">
      <Filter>Source Files\Managers</Filter>
    </ClCompile>
    <ClCompile Include="FontManager.cpp">
      <Filter>Source Files\Managers</Filter>
    </ClCompile>
    <ClCompile Include="GameObjectManager.cpp">
      <Filter>Source Files\Managers</Filter>
    </ClCompile>
    <ClCompile Include="UIButton.cpp">
      <Filter>Source Files\UI</Filter>
    </ClCompile>
    <ClCompile Include="UIButtonInputController.cpp">
      <Filter>Source Files\UI</Filter>
    </ClCompile>
    <ClCompile Include="UIText.cpp">
      <Filter>Source Files\UI</Filter>
    </ClCompile>
    <ClCompile Include="PlayerCar.cpp">
      <Filter>Source Files\Player</Filter>
    </ClCompile>
    <ClCompile Include="PlayerInputController.cpp">
      <Filter>Source Files\Player</Filter>
    </ClCompile>
    <ClCompile Include="PlayerMovement.cpp">
      <Filter>Source Files\Player</Filter>
    </ClCompile>
    <ClCompile Include="Level1PlayScene.cpp">
      <Filter>Source Files\Scenes</Filter>
    </ClCompile>
    <ClCompile Include="Scene.cpp">
      <Filter>Source Files\Scenes</Filter>
    </ClCompile>
    <ClCompile Include="MainMenuScene.cpp">
      <Filter>Source Files\Scenes</Filter>
    </ClCompile>
    <ClCompile Include="EnemyCar.cpp">
      <Filter>Source Files\Enemy</Filter>
    </ClCompile>
    <ClCompile Include="ObjectPoolable.cpp">
      <Filter>Source Files\ObjectPool</Filter>
    </ClCompile>
    <ClCompile Include="GameObjectPool.cpp">
      <Filter>Source Files\ObjectPool</Filter>
    </ClCompile>
    <ClCompile Include="ObjectPoolHolder.cpp">
      <Filter>Source Files\ObjectPool</Filter>
    </ClCompile>
    <ClCompile Include="EnemyBehavior.cpp">
      <Filter>Source Files\Enemy</Filter>
    </ClCompile>
    <ClCompile Include="EnemyCarClone.cpp">
      <Filter>Source Files\Enemy</Filter>
    </ClCompile>
    <ClCompile Include="EmptyGameObject.cpp">
      <Filter>Source Files</Filter>
    </ClCompile>
    <ClCompile Include="BG.cpp">
      <Filter>Source Files\BG</Filter>
    </ClCompile>
    <ClCompile Include="BGMovement.cpp">
      <Filter>Source Files\BG</Filter>
    </ClCompile>
    <ClCompile Include="Collider.cpp">
      <Filter>Source Files\Physics</Filter>
    </ClCompile>
    <ClCompile Include="PhysicsManager.cpp">
      <Filter>Source Files\Physics</Filter>
    </ClCompile>
    <ClCompile Include="ProgressBar.cpp">
      <Filter>Source Files\LevelUI</Filter>
    </ClCompile>
    <ClCompile Include="CarProgressMovement.cpp">
      <Filter>Source Files\LevelUI</Filter>
    </ClCompile>
    <ClCompile Include="ProgressCar.cpp">
      <Filter>Source Files\LevelUI</Filter>
    </ClCompile>
    <ClCompile Include="LevelOverlay.cpp">
      <Filter>Source Files\LevelUI</Filter>
    </ClCompile>
    <ClCompile Include="ScoreTextUpdater.cpp">
      <Filter>Source Files\LevelUI</Filter>
    </ClCompile>
    <ClCompile Include="FuelTextUpdater.cpp">
      <Filter>Source Files\LevelUI</Filter>
    </ClCompile>
    <ClCompile Include="LevelOverScreen.cpp">
      <Filter>Source Files\LevelUI</Filter>
    </ClCompile>
    <ClCompile Include="NoFuelScreen.cpp">
      <Filter>Source Files\LevelUI</Filter>
    </ClCompile>
    <ClCompile Include="EnemyCyanCar.cpp">
      <Filter>Source Files\Enemy</Filter>
    </ClCompile>
    <ClCompile Include="EnemyCyanCarClone.cpp">
      <Filter>Source Files\Enemy</Filter>
    </ClCompile>
  </ItemGroup>
  <ItemGroup>
    <ClInclude Include="Game.h">
      <Filter>Header Files</Filter>
    </ClInclude>
    <ClInclude Include="GameObject.h">
      <Filter>Header Files</Filter>
    </ClInclude>
    <ClInclude Include="InputController.h">
      <Filter>Header Files</Filter>
    </ClInclude>
    <ClInclude Include="ObjectComponent.h">
      <Filter>Header Files</Filter>
    </ClInclude>
    <ClInclude Include="Renderer.h">
      <Filter>Header Files</Filter>
    </ClInclude>
    <ClInclude Include="MainMenu.h">
      <Filter>Header Files</Filter>
    </ClInclude>
    <ClInclude Include="ButtonListener.h">
      <Filter>Header Files</Filter>
    </ClInclude>
    <ClInclude Include="Level.h">
      <Filter>Header Files</Filter>
    </ClInclude>
    <ClInclude Include="EmptyGameObject.h">
      <Filter>Header Files</Filter>
    </ClInclude>
    <ClInclude Include="FontManager.h">
      <Filter>Header Files\Managers</Filter>
    </ClInclude>
    <ClInclude Include="ApplicationManager.h">
      <Filter>Header Files\Managers</Filter>
    </ClInclude>
    <ClInclude Include="SceneManager.h">
      <Filter>Header Files\Managers</Filter>
    </ClInclude>
    <ClInclude Include="TextureManager.h">
      <Filter>Header Files\Managers</Filter>
    </ClInclude>
    <ClInclude Include="GameObjectManager.h">
      <Filter>Header Files\Managers</Filter>
    </ClInclude>
    <ClInclude Include="EnemyBehavior.h">
      <Filter>Header Files\Enemy</Filter>
    </ClInclude>
    <ClInclude Include="EnemyCar.h">
      <Filter>Header Files\Enemy</Filter>
    </ClInclude>
    <ClInclude Include="EnemyCarClone.h">
      <Filter>Header Files\Enemy</Filter>
    </ClInclude>
    <ClInclude Include="ObjectPoolable.h">
      <Filter>Header Files\ObjectPool</Filter>
    </ClInclude>
    <ClInclude Include="ObjectPoolHolder.h">
      <Filter>Header Files\ObjectPool</Filter>
    </ClInclude>
    <ClInclude Include="GameObjectPool.h">
      <Filter>Header Files\ObjectPool</Filter>
    </ClInclude>
    <ClInclude Include="BG.h">
      <Filter>Header Files\BG</Filter>
    </ClInclude>
    <ClInclude Include="BGMovement.h">
      <Filter>Header Files\BG</Filter>
    </ClInclude>
    <ClInclude Include="Level1PlayScene.h">
      <Filter>Header Files\Scenes</Filter>
    </ClInclude>
    <ClInclude Include="MainMenuScene.h">
      <Filter>Header Files\Scenes</Filter>
    </ClInclude>
    <ClInclude Include="Scene.h">
      <Filter>Header Files\Scenes</Filter>
    </ClInclude>
    <ClInclude Include="UIButton.h">
      <Filter>Header Files\UI</Filter>
    </ClInclude>
    <ClInclude Include="UIButtonInputController.h">
      <Filter>Header Files\UI</Filter>
    </ClInclude>
    <ClInclude Include="UIText.h">
      <Filter>Header Files\UI</Filter>
    </ClInclude>
    <ClInclude Include="PhysicsManager.h">
      <Filter>Header Files\Physics</Filter>
    </ClInclude>
    <ClInclude Include="Collider.h">
      <Filter>Header Files\Physics</Filter>
    </ClInclude>
    <ClInclude Include="CollisionListener.h">
      <Filter>Header Files\Physics</Filter>
    </ClInclude>
    <ClInclude Include="ProgressBar.h">
      <Filter>Header Files\LevelUI</Filter>
    </ClInclude>
    <ClInclude Include="PlayerCar.h">
      <Filter>Header Files\Player</Filter>
    </ClInclude>
    <ClInclude Include="PlayerInputController.h">
      <Filter>Header Files\Player</Filter>
    </ClInclude>
    <ClInclude Include="PlayerMovement.h">
      <Filter>Header Files\Player</Filter>
    </ClInclude>
    <ClInclude Include="CarProgressMovement.h">
      <Filter>Header Files\LevelUI</Filter>
    </ClInclude>
    <ClInclude Include="ProgressCar.h">
      <Filter>Header Files\LevelUI</Filter>
    </ClInclude>
    <ClInclude Include="LevelOverlay.h">
      <Filter>Header Files\LevelUI</Filter>
    </ClInclude>
    <ClInclude Include="ScoreTextUpdater.h">
      <Filter>Header Files\LevelUI</Filter>
    </ClInclude>
    <ClInclude Include="FuelTextUpdater.h">
      <Filter>Header Files\LevelUI</Filter>
    </ClInclude>
    <ClInclude Include="LevelOverScreen.h">
      <Filter>Header Files\LevelUI</Filter>
    </ClInclude>
    <ClInclude Include="NoFuelScreen.h">
      <Filter>Header Files\LevelUI</Filter>
    </ClInclude>
    <ClInclude Include="EnemyCyanCar.h">
      <Filter>Header Files\Enemy</Filter>
    </ClInclude>
    <ClInclude Include="EnemyCyanCarClone.h">
      <Filter>Header Files\Enemy</Filter>
    </ClInclude>
  </ItemGroup>
</Project>